
Microsoft Visual Studio Solution File, Format Version 12.00
# Visual Studio Version 17
VisualStudioVersion = 17.1.32328.378
MinimumVisualStudioVersion = 10.0.40219.1
Project("{FAE04EC0-301F-11D3-BF4B-00C04F79EFBC}") = "DI_Services_Day3_Console", "DI-Services_Day3_Console\DI_Services_Day3_Console.csproj", "{DCF9689E-E209-4703-8770-C751077E8F8A}"
EndProject
Global
	GlobalSection(SolutionConfigurationPlatforms) = preSolution
		Debug|Any CPU = Debug|Any CPU
		Release|Any CPU = Release|Any CPU
	EndGlobalSection
	GlobalSection(ProjectConfigurationPlatforms) = postSolution
		{DCF9689E-E209-4703-8770-C751077E8F8A}.Debug|Any CPU.ActiveCfg = Debug|Any CPU
		{DCF9689E-E209-4703-8770-C751077E8F8A}.Debug|Any CPU.Build.0 = Debug|Any CPU
		{DCF9689E-E209-4703-8770-C751077E8F8A}.Release|Any CPU.ActiveCfg = Release|Any CPU
		{DCF9689E-E209-4703-8770-C751077E8F8A}.Release|Any CPU.Build.0 = Release|Any CPU
	EndGlobalSection
	GlobalSection(SolutionProperties) = preSolution
		HideSolutionNode = FALSE
	EndGlobalSection
	GlobalSection(ExtensibilityGlobals) = postSolution
		SolutionGuid = {AA38F6AF-17B6-4B7C-9BC1-537D8860BF61}
	EndGlobalSection
EndGlobal
